
Microsoft Visual Studio Solution File, Format Version 12.00
# Visual Studio Version 16
VisualStudioVersion = 16.0.30717.126
MinimumVisualStudioVersion = 10.0.40219.1
Project("{8BC9CEB8-8B4A-11D0-8D11-00A0C91BC942}") = "UdemyTemplateFunctionsTutorial", "UdemyTemplateFunctionsTutorial\UdemyTemplateFunctionsTutorial.vcxproj", "{6AC2793C-AA22-4235-90F5-AAF3586A9F3B}"
EndProject
Global
	GlobalSection(SolutionConfigurationPlatforms) = preSolution
		Debug|x64 = Debug|x64
		Debug|x86 = Debug|x86
		Release|x64 = Release|x64
		Release|x86 = Release|x86
	EndGlobalSection
	GlobalSection(ProjectConfigurationPlatforms) = postSolution
		{6AC2793C-AA22-4235-90F5-AAF3586A9F3B}.Debug|x64.ActiveCfg = Debug|x64
		{6AC2793C-AA22-4235-90F5-AAF3586A9F3B}.Debug|x64.Build.0 = Debug|x64
		{6AC2793C-AA22-4235-90F5-AAF3586A9F3B}.Debug|x86.ActiveCfg = Debug|Win32
		{6AC2793C-AA22-4235-90F5-AAF3586A9F3B}.Debug|x86.Build.0 = Debug|Win32
		{6AC2793C-AA22-4235-90F5-AAF3586A9F3B}.Release|x64.ActiveCfg = Release|x64
		{6AC2793C-AA22-4235-90F5-AAF3586A9F3B}.Release|x64.Build.0 = Release|x64
		{6AC2793C-AA22-4235-90F5-AAF3586A9F3B}.Release|x86.ActiveCfg = Release|Win32
		{6AC2793C-AA22-4235-90F5-AAF3586A9F3B}.Release|x86.Build.0 = Release|Win32
	EndGlobalSection
	GlobalSection(SolutionProperties) = preSolution
		HideSolutionNode = FALSE
	EndGlobalSection
	GlobalSection(ExtensibilityGlobals) = postSolution
		SolutionGuid = {3E5E2718-C33E-4A51-A99F-2EC710A17EED}
	EndGlobalSection
EndGlobal
