
Microsoft Visual Studio Solution File, Format Version 12.00
# Visual Studio Version 16
VisualStudioVersion = 16.0.30717.126
MinimumVisualStudioVersion = 10.0.40219.1
Project("{8BC9CEB8-8B4A-11D0-8D11-00A0C91BC942}") = "UdemyEnhancedForLoopTutorial", "UdemyEnhancedForLoopTutorial\UdemyEnhancedForLoopTutorial.vcxproj", "{7399CE38-F41C-4DE0-80C7-6E2B8E261B3F}"
EndProject
Global
	GlobalSection(SolutionConfigurationPlatforms) = preSolution
		Debug|x64 = Debug|x64
		Debug|x86 = Debug|x86
		Release|x64 = Release|x64
		Release|x86 = Release|x86
	EndGlobalSection
	GlobalSection(ProjectConfigurationPlatforms) = postSolution
		{7399CE38-F41C-4DE0-80C7-6E2B8E261B3F}.Debug|x64.ActiveCfg = Debug|x64
		{7399CE38-F41C-4DE0-80C7-6E2B8E261B3F}.Debug|x64.Build.0 = Debug|x64
		{7399CE38-F41C-4DE0-80C7-6E2B8E261B3F}.Debug|x86.ActiveCfg = Debug|Win32
		{7399CE38-F41C-4DE0-80C7-6E2B8E261B3F}.Debug|x86.Build.0 = Debug|Win32
		{7399CE38-F41C-4DE0-80C7-6E2B8E261B3F}.Release|x64.ActiveCfg = Release|x64
		{7399CE38-F41C-4DE0-80C7-6E2B8E261B3F}.Release|x64.Build.0 = Release|x64
		{7399CE38-F41C-4DE0-80C7-6E2B8E261B3F}.Release|x86.ActiveCfg = Release|Win32
		{7399CE38-F41C-4DE0-80C7-6E2B8E261B3F}.Release|x86.Build.0 = Release|Win32
	EndGlobalSection
	GlobalSection(SolutionProperties) = preSolution
		HideSolutionNode = FALSE
	EndGlobalSection
	GlobalSection(ExtensibilityGlobals) = postSolution
		SolutionGuid = {3A4E09DC-5DEE-4B9D-9ED8-B3F7B50322BC}
	EndGlobalSection
EndGlobal
