
Microsoft Visual Studio Solution File, Format Version 12.00
# Visual Studio Version 16
VisualStudioVersion = 16.0.30717.126
MinimumVisualStudioVersion = 10.0.40219.1
Project("{8BC9CEB8-8B4A-11D0-8D11-00A0C91BC942}") = "UdemyNestedTemplateClassesTutorial", "UdemyNestedTemplateClassesTutorial\UdemyNestedTemplateClassesTutorial.vcxproj", "{734E6B1C-401F-4C71-BEB5-A69F6D2B832A}"
EndProject
Global
	GlobalSection(SolutionConfigurationPlatforms) = preSolution
		Debug|x64 = Debug|x64
		Debug|x86 = Debug|x86
		Release|x64 = Release|x64
		Release|x86 = Release|x86
	EndGlobalSection
	GlobalSection(ProjectConfigurationPlatforms) = postSolution
		{734E6B1C-401F-4C71-BEB5-A69F6D2B832A}.Debug|x64.ActiveCfg = Debug|x64
		{734E6B1C-401F-4C71-BEB5-A69F6D2B832A}.Debug|x64.Build.0 = Debug|x64
		{734E6B1C-401F-4C71-BEB5-A69F6D2B832A}.Debug|x86.ActiveCfg = Debug|Win32
		{734E6B1C-401F-4C71-BEB5-A69F6D2B832A}.Debug|x86.Build.0 = Debug|Win32
		{734E6B1C-401F-4C71-BEB5-A69F6D2B832A}.Release|x64.ActiveCfg = Release|x64
		{734E6B1C-401F-4C71-BEB5-A69F6D2B832A}.Release|x64.Build.0 = Release|x64
		{734E6B1C-401F-4C71-BEB5-A69F6D2B832A}.Release|x86.ActiveCfg = Release|Win32
		{734E6B1C-401F-4C71-BEB5-A69F6D2B832A}.Release|x86.Build.0 = Release|Win32
	EndGlobalSection
	GlobalSection(SolutionProperties) = preSolution
		HideSolutionNode = FALSE
	EndGlobalSection
	GlobalSection(ExtensibilityGlobals) = postSolution
		SolutionGuid = {4A5FD553-4ACE-47EE-BAA6-D24C92065892}
	EndGlobalSection
EndGlobal
